
Microsoft Visual Studio Solution File, Format Version 10.00
# Visual Studio 2008
Project("{FAE04EC0-301F-11D3-BF4B-00C04F79EFBC}") = "SSharpReflectionExtensionsLibrary", "SSharpReflectionExtensionsLibrary\SSharpReflectionExtensionsLibrary.csproj", "{5998E7A3-F804-4EBE-89A8-20BE78F0CCA5}"
EndProject
Global
	GlobalSection(SolutionConfigurationPlatforms) = preSolution
		Debug|Any CPU = Debug|Any CPU
		Release|Any CPU = Release|Any CPU
	EndGlobalSection
	GlobalSection(ProjectConfigurationPlatforms) = postSolution
		{5998E7A3-F804-4EBE-89A8-20BE78F0CCA5}.Debug|Any CPU.ActiveCfg = Debug|Any CPU
		{5998E7A3-F804-4EBE-89A8-20BE78F0CCA5}.Debug|Any CPU.Build.0 = Debug|Any CPU
		{5998E7A3-F804-4EBE-89A8-20BE78F0CCA5}.Release|Any CPU.ActiveCfg = Release|Any CPU
		{5998E7A3-F804-4EBE-89A8-20BE78F0CCA5}.Release|Any CPU.Build.0 = Release|Any CPU
	EndGlobalSection
	GlobalSection(SolutionProperties) = preSolution
		HideSolutionNode = FALSE
	EndGlobalSection
EndGlobal
